
Microsoft Visual Studio Solution File, Format Version 12.00
# Visual Studio 2015
Project("{FAE04EC0-301F-11D3-BF4B-00C04F79EFBC}") = "HedgePhysicsCopy.CSharp", "HedgePhysicsCopy.CSharp.csproj", "{5075DEE6-A4D1-5965-8075-5B74CF1603A2}"
EndProject
Project("{FAE04EC0-301F-11D3-BF4B-00C04F79EFBC}") = "HedgePhysicsCopy.CSharp.Plugins", "HedgePhysicsCopy.CSharp.Plugins.csproj", "{627506CC-8B31-A282-3612-4CE4AE9FF6F4}"
EndProject
Project("{FAE04EC0-301F-11D3-BF4B-00C04F79EFBC}") = "HedgePhysicsCopy.CSharp.Editor", "HedgePhysicsCopy.CSharp.Editor.csproj", "{5ADDED74-F296-877F-4E05-E0B4FDFD8861}"
EndProject
Project("{FAE04EC0-301F-11D3-BF4B-00C04F79EFBC}") = "HedgePhysicsCopy.CSharp.Editor.Plugins", "HedgePhysicsCopy.CSharp.Editor.Plugins.csproj", "{D55E0CBC-395C-BF2B-B44E-B0472F68F3E7}"
EndProject
Global
	GlobalSection(SolutionConfigurationPlatforms) = preSolution
		Debug|Any CPU = Debug|Any CPU
		Release|Any CPU = Release|Any CPU
	EndGlobalSection
	GlobalSection(ProjectConfigurationPlatforms) = postSolution
		{5075DEE6-A4D1-5965-8075-5B74CF1603A2}.Debug|Any CPU.ActiveCfg = Debug|Any CPU
		{5075DEE6-A4D1-5965-8075-5B74CF1603A2}.Debug|Any CPU.Build.0 = Debug|Any CPU
		{5075DEE6-A4D1-5965-8075-5B74CF1603A2}.Release|Any CPU.ActiveCfg = Release|Any CPU
		{5075DEE6-A4D1-5965-8075-5B74CF1603A2}.Release|Any CPU.Build.0 = Release|Any CPU
		{627506CC-8B31-A282-3612-4CE4AE9FF6F4}.Debug|Any CPU.ActiveCfg = Debug|Any CPU
		{627506CC-8B31-A282-3612-4CE4AE9FF6F4}.Debug|Any CPU.Build.0 = Debug|Any CPU
		{627506CC-8B31-A282-3612-4CE4AE9FF6F4}.Release|Any CPU.ActiveCfg = Release|Any CPU
		{627506CC-8B31-A282-3612-4CE4AE9FF6F4}.Release|Any CPU.Build.0 = Release|Any CPU
		{5ADDED74-F296-877F-4E05-E0B4FDFD8861}.Debug|Any CPU.ActiveCfg = Debug|Any CPU
		{5ADDED74-F296-877F-4E05-E0B4FDFD8861}.Debug|Any CPU.Build.0 = Debug|Any CPU
		{5ADDED74-F296-877F-4E05-E0B4FDFD8861}.Release|Any CPU.ActiveCfg = Release|Any CPU
		{5ADDED74-F296-877F-4E05-E0B4FDFD8861}.Release|Any CPU.Build.0 = Release|Any CPU
		{D55E0CBC-395C-BF2B-B44E-B0472F68F3E7}.Debug|Any CPU.ActiveCfg = Debug|Any CPU
		{D55E0CBC-395C-BF2B-B44E-B0472F68F3E7}.Debug|Any CPU.Build.0 = Debug|Any CPU
		{D55E0CBC-395C-BF2B-B44E-B0472F68F3E7}.Release|Any CPU.ActiveCfg = Release|Any CPU
		{D55E0CBC-395C-BF2B-B44E-B0472F68F3E7}.Release|Any CPU.Build.0 = Release|Any CPU
	EndGlobalSection
	GlobalSection(SolutionProperties) = preSolution
		HideSolutionNode = FALSE
	EndGlobalSection
EndGlobal
